
Microsoft Visual Studio Solution File, Format Version 12.00
# Visual Studio Version 16
VisualStudioVersion = 16.0.30225.117
MinimumVisualStudioVersion = 10.0.40219.1
Project("{9A19103F-16F7-4668-BE54-9A1E7A4F7556}") = "HJM.Chip8.CPU", "HJM.Chip8.CPU\HJM.Chip8.CPU.csproj", "{52CAC392-14D9-44E6-9B61-1C499B15FE19}"
EndProject
Project("{9A19103F-16F7-4668-BE54-9A1E7A4F7556}") = "HJM.Chip8.CPU.Tests", "HJM.Chip8.CPU.Tests\HJM.Chip8.CPU.Tests.csproj", "{5130F8A6-B2CA-43DB-B8BA-2B0C21D1F98D}"
EndProject
Project("{9A19103F-16F7-4668-BE54-9A1E7A4F7556}") = "HJM.Chip8.MonoGameUI", "HJM.Chip8.MonoGameUI\HJM.Chip8.MonoGameUI.csproj", "{6A97DD18-F4D0-4D8A-AB38-804E08C14B4D}"
EndProject
Project("{2150E333-8FDC-42A3-9474-1A3956D46DE8}") = "Solution Items", "Solution Items", "{77819012-0143-4B99-B34D-F8E59E9D7E19}"
	ProjectSection(SolutionItems) = preProject
		.editorconfig = .editorconfig
		stylecop.json = stylecop.json
	EndProjectSection
EndProject
Global
	GlobalSection(SolutionConfigurationPlatforms) = preSolution
		Debug|Any CPU = Debug|Any CPU
		Release|Any CPU = Release|Any CPU
	EndGlobalSection
	GlobalSection(ProjectConfigurationPlatforms) = postSolution
		{52CAC392-14D9-44E6-9B61-1C499B15FE19}.Debug|Any CPU.ActiveCfg = Debug|Any CPU
		{52CAC392-14D9-44E6-9B61-1C499B15FE19}.Debug|Any CPU.Build.0 = Debug|Any CPU
		{52CAC392-14D9-44E6-9B61-1C499B15FE19}.Release|Any CPU.ActiveCfg = Release|Any CPU
		{52CAC392-14D9-44E6-9B61-1C499B15FE19}.Release|Any CPU.Build.0 = Release|Any CPU
		{5130F8A6-B2CA-43DB-B8BA-2B0C21D1F98D}.Debug|Any CPU.ActiveCfg = Debug|Any CPU
		{5130F8A6-B2CA-43DB-B8BA-2B0C21D1F98D}.Debug|Any CPU.Build.0 = Debug|Any CPU
		{5130F8A6-B2CA-43DB-B8BA-2B0C21D1F98D}.Release|Any CPU.ActiveCfg = Release|Any CPU
		{5130F8A6-B2CA-43DB-B8BA-2B0C21D1F98D}.Release|Any CPU.Build.0 = Release|Any CPU
		{6A97DD18-F4D0-4D8A-AB38-804E08C14B4D}.Debug|Any CPU.ActiveCfg = Debug|Any CPU
		{6A97DD18-F4D0-4D8A-AB38-804E08C14B4D}.Debug|Any CPU.Build.0 = Debug|Any CPU
		{6A97DD18-F4D0-4D8A-AB38-804E08C14B4D}.Release|Any CPU.ActiveCfg = Release|Any CPU
		{6A97DD18-F4D0-4D8A-AB38-804E08C14B4D}.Release|Any CPU.Build.0 = Release|Any CPU
	EndGlobalSection
	GlobalSection(SolutionProperties) = preSolution
		HideSolutionNode = FALSE
	EndGlobalSection
	GlobalSection(ExtensibilityGlobals) = postSolution
		SolutionGuid = {8DA4A61C-5C83-4067-8CE5-8CE805232409}
	EndGlobalSection
EndGlobal
